
Microsoft Visual Studio Solution File, Format Version 12.00
# Visual Studio Version 17
VisualStudioVersion = 17.11.35303.130
MinimumVisualStudioVersion = 10.0.40219.1
Project("{FAE04EC0-301F-11D3-BF4B-00C04F79EFBC}") = "ASIO-LoudSpeaker", "ASIO-LoudSpeaker\ASIO-LoudSpeaker.csproj", "{D23F394B-5739-4A7D-9DAC-44CECD476402}"
EndProject
Global
	GlobalSection(SolutionConfigurationPlatforms) = preSolution
		Debug|Any CPU = Debug|Any CPU
		Release|Any CPU = Release|Any CPU
	EndGlobalSection
	GlobalSection(ProjectConfigurationPlatforms) = postSolution
		{D23F394B-5739-4A7D-9DAC-44CECD476402}.Debug|Any CPU.ActiveCfg = Debug|Any CPU
		{D23F394B-5739-4A7D-9DAC-44CECD476402}.Debug|Any CPU.Build.0 = Debug|Any CPU
		{D23F394B-5739-4A7D-9DAC-44CECD476402}.Release|Any CPU.ActiveCfg = Release|Any CPU
		{D23F394B-5739-4A7D-9DAC-44CECD476402}.Release|Any CPU.Build.0 = Release|Any CPU
	EndGlobalSection
	GlobalSection(SolutionProperties) = preSolution
		HideSolutionNode = FALSE
	EndGlobalSection
	GlobalSection(ExtensibilityGlobals) = postSolution
		SolutionGuid = {DAD67D94-FE44-4E97-BA1C-6226E412127C}
	EndGlobalSection
EndGlobal
